// !$*UTF8*$!
{
	archiveVersion = 1;
	classes = {
	};
	objectVersion = 50;
	objects = {

/* Begin PBXBuildFile section */
		228E48C120D90E7800702A0E /* AppDelegate.swift in Sources */ = {isa = PBXBuildFile; fileRef = 228E48C020D90E7800702A0E /* AppDelegate.swift */; };
		228E48C320D90E7800702A0E /* ViewController.swift in Sources */ = {isa = PBXBuildFile; fileRef = 228E48C220D90E7800702A0E /* ViewController.swift */; };
		228E48C620D90E7800702A0E /* Main.storyboard in Resources */ = {isa = PBXBuildFile; fileRef = 228E48C420D90E7800702A0E /* Main.storyboard */; };
		228E48C920D90E7800702A0E /* Seene.xcdatamodeld in Sources */ = {isa = PBXBuildFile; fileRef = 228E48C720D90E7800702A0E /* Seene.xcdatamodeld */; };
		228E48CB20D90E7900702A0E /* Assets.xcassets in Resources */ = {isa = PBXBuildFile; fileRef = 228E48CA20D90E7900702A0E /* Assets.xcassets */; };
		228E48CE20D90E7900702A0E /* LaunchScreen.storyboard in Resources */ = {isa = PBXBuildFile; fileRef = 228E48CC20D90E7900702A0E /* LaunchScreen.storyboard */; };
		228E48D920D90E7900702A0E /* SeeneTests.swift in Sources */ = {isa = PBXBuildFile; fileRef = 228E48D820D90E7900702A0E /* SeeneTests.swift */; };
		228E48E420D90E7900702A0E /* SeeneUITests.swift in Sources */ = {isa = PBXBuildFile; fileRef = 228E48E320D90E7900702A0E /* SeeneUITests.swift */; };
		228E48F220D90EA000702A0E /* GoogleService-Info.plist in Resources */ = {isa = PBXBuildFile; fileRef = 228E48F120D90EA000702A0E /* GoogleService-Info.plist */; };
		228E48F820D9431900702A0E /* DevicesController.swift in Sources */ = {isa = PBXBuildFile; fileRef = 228E48F720D9431900702A0E /* DevicesController.swift */; };
		228E48FA20D9493C00702A0E /* DataController.swift in Sources */ = {isa = PBXBuildFile; fileRef = 228E48F920D9493C00702A0E /* DataController.swift */; };
		2C1D43617A7A33301D231255 /* Pods_SeeneUITests.framework in Frameworks */ = {isa = PBXBuildFile; fileRef = B2F61E39A5FB157775F5AEE4 /* Pods_SeeneUITests.framework */; };
		441565C503560D465421654E /* Pods_SeeneTests.framework in Frameworks */ = {isa = PBXBuildFile; fileRef = A537EEADD56321D9B7623922 /* Pods_SeeneTests.framework */; };
		D5BC2257F6FB725D0E4F529C /* Pods_Seene.framework in Frameworks */ = {isa = PBXBuildFile; fileRef = B3A49851CBC08B14DF255B44 /* Pods_Seene.framework */; };
/* End PBXBuildFile section */

/* Begin PBXContainerItemProxy section */
		228E48D520D90E7900702A0E /* PBXContainerItemProxy */ = {
			isa = PBXContainerItemProxy;
			containerPortal = 228E48B520D90E7800702A0E /* Project object */;
			proxyType = 1;
			remoteGlobalIDString = 228E48BC20D90E7800702A0E;
			remoteInfo = Seene;
		};
		228E48E020D90E7900702A0E /* PBXContainerItemProxy */ = {
			isa = PBXContainerItemProxy;
			containerPortal = 228E48B520D90E7800702A0E /* Project object */;
			proxyType = 1;
			remoteGlobalIDString = 228E48BC20D90E7800702A0E;
			remoteInfo = Seene;
		};
/* End PBXContainerItemProxy section */

/* Begin PBXFileReference section */
		1DEEC72E4D738472EB8DA7DB /* Pods-SeeneTests.debug.xcconfig */ = {isa = PBXFileReference; includeInIndex = 1; lastKnownFileType = text.xcconfig; name = "Pods-SeeneTests.debug.xcconfig"; path = "Pods/Target Support Files/Pods-SeeneTests/Pods-SeeneTests.debug.xcconfig"; sourceTree = "<group>"; };
		228E48BD20D90E7800702A0E /* Seene.app */ = {isa = PBXFileReference; explicitFileType = wrapper.application; includeInIndex = 0; path = Seene.app; sourceTree = BUILT_PRODUCTS_DIR; };
		228E48C020D90E7800702A0E /* AppDelegate.swift */ = {isa = PBXFileReference; lastKnownFileType = sourcecode.swift; path = AppDelegate.swift; sourceTree = "<group>"; };
		228E48C220D90E7800702A0E /* ViewController.swift */ = {isa = PBXFileReference; lastKnownFileType = sourcecode.swift; path = ViewController.swift; sourceTree = "<group>"; };
		228E48C520D90E7800702A0E /* Base */ = {isa = PBXFileReference; lastKnownFileType = file.storyboard; name = Base; path = Base.lproj/Main.storyboard; sourceTree = "<group>"; };
		228E48C820D90E7800702A0E /* Seene.xcdatamodel */ = {isa = PBXFileReference; lastKnownFileType = wrapper.xcdatamodel; path = Seene.xcdatamodel; sourceTree = "<group>"; };
		228E48CA20D90E7900702A0E /* Assets.xcassets */ = {isa = PBXFileReference; lastKnownFileType = folder.assetcatalog; path = Assets.xcassets; sourceTree = "<group>"; };
		228E48CD20D90E7900702A0E /* Base */ = {isa = PBXFileReference; lastKnownFileType = file.storyboard; name = Base; path = Base.lproj/LaunchScreen.storyboard; sourceTree = "<group>"; };
		228E48CF20D90E7900702A0E /* Info.plist */ = {isa = PBXFileReference; lastKnownFileType = text.plist.xml; path = Info.plist; sourceTree = "<group>"; };
		228E48D420D90E7900702A0E /* SeeneTests.xctest */ = {isa = PBXFileReference; explicitFileType = wrapper.cfbundle; includeInIndex = 0; path = SeeneTests.xctest; sourceTree = BUILT_PRODUCTS_DIR; };
		228E48D820D90E7900702A0E /* SeeneTests.swift */ = {isa = PBXFileReference; lastKnownFileType = sourcecode.swift; path = SeeneTests.swift; sourceTree = "<group>"; };
		228E48DA20D90E7900702A0E /* Info.plist */ = {isa = PBXFileReference; lastKnownFileType = text.plist.xml; path = Info.plist; sourceTree = "<group>"; };
		228E48DF20D90E7900702A0E /* SeeneUITests.xctest */ = {isa = PBXFileReference; explicitFileType = wrapper.cfbundle; includeInIndex = 0; path = SeeneUITests.xctest; sourceTree = BUILT_PRODUCTS_DIR; };
		228E48E320D90E7900702A0E /* SeeneUITests.swift */ = {isa = PBXFileReference; lastKnownFileType = sourcecode.swift; path = SeeneUITests.swift; sourceTree = "<group>"; };
		228E48E520D90E7900702A0E /* Info.plist */ = {isa = PBXFileReference; lastKnownFileType = text.plist.xml; path = Info.plist; sourceTree = "<group>"; };
		228E48F120D90EA000702A0E /* GoogleService-Info.plist */ = {isa = PBXFileReference; fileEncoding = 4; lastKnownFileType = text.plist.xml; path = "GoogleService-Info.plist"; sourceTree = "<group>"; };
		228E48F720D9431900702A0E /* DevicesController.swift */ = {isa = PBXFileReference; lastKnownFileType = sourcecode.swift; path = DevicesController.swift; sourceTree = "<group>"; };
		228E48F920D9493C00702A0E /* DataController.swift */ = {isa = PBXFileReference; lastKnownFileType = sourcecode.swift; path = DataController.swift; sourceTree = "<group>"; };
		34670447C217A6061CF41631 /* Pods-Seene.debug.xcconfig */ = {isa = PBXFileReference; includeInIndex = 1; lastKnownFileType = text.xcconfig; name = "Pods-Seene.debug.xcconfig"; path = "Pods/Target Support Files/Pods-Seene/Pods-Seene.debug.xcconfig"; sourceTree = "<group>"; };
		6589A6CAC3DD093A2920C308 /* Pods-Seene.release.xcconfig */ = {isa = PBXFileReference; includeInIndex = 1; lastKnownFileType = text.xcconfig; name = "Pods-Seene.release.xcconfig"; path = "Pods/Target Support Files/Pods-Seene/Pods-Seene.release.xcconfig"; sourceTree = "<group>"; };
		A537EEADD56321D9B7623922 /* Pods_SeeneTests.framework */ = {isa = PBXFileReference; explicitFileType = wrapper.framework; includeInIndex = 0; path = Pods_SeeneTests.framework; sourceTree = BUILT_PRODUCTS_DIR; };
		A6B7C0461791B59A7A3B272C /* Pods-SeeneTests.release.xcconfig */ = {isa = PBXFileReference; includeInIndex = 1; lastKnownFileType = text.xcconfig; name = "Pods-SeeneTests.release.xcconfig"; path = "Pods/Target Support Files/Pods-SeeneTests/Pods-SeeneTests.release.xcconfig"; sourceTree = "<group>"; };
		A770FD9E9E1B214FB9A5D4FD /* Pods-SeeneUITests.release.xcconfig */ = {isa = PBXFileReference; includeInIndex = 1; lastKnownFileType = text.xcconfig; name = "Pods-SeeneUITests.release.xcconfig"; path = "Pods/Target Support Files/Pods-SeeneUITests/Pods-SeeneUITests.release.xcconfig"; sourceTree = "<group>"; };
		B2F61E39A5FB157775F5AEE4 /* Pods_SeeneUITests.framework */ = {isa = PBXFileReference; explicitFileType = wrapper.framework; includeInIndex = 0; path = Pods_SeeneUITests.framework; sourceTree = BUILT_PRODUCTS_DIR; };
		B3A49851CBC08B14DF255B44 /* Pods_Seene.framework */ = {isa = PBXFileReference; explicitFileType = wrapper.framework; includeInIndex = 0; path = Pods_Seene.framework; sourceTree = BUILT_PRODUCTS_DIR; };
		B75545A1A086E7641FC2BCA4 /* Pods-SeeneUITests.debug.xcconfig */ = {isa = PBXFileReference; includeInIndex = 1; lastKnownFileType = text.xcconfig; name = "Pods-SeeneUITests.debug.xcconfig"; path = "Pods/Target Support Files/Pods-SeeneUITests/Pods-SeeneUITests.debug.xcconfig"; sourceTree = "<group>"; };
/* End PBXFileReference section */

/* Begin PBXFrameworksBuildPhase section */
		228E48BA20D90E7800702A0E /* Frameworks */ = {
			isa = PBXFrameworksBuildPhase;
			buildActionMask = 2147483647;
			files = (
				D5BC2257F6FB725D0E4F529C /* Pods_Seene.framework in Frameworks */,
			);
			runOnlyForDeploymentPostprocessing = 0;
		};
		228E48D120D90E7900702A0E /* Frameworks */ = {
			isa = PBXFrameworksBuildPhase;
			buildActionMask = 2147483647;
			files = (
				441565C503560D465421654E /* Pods_SeeneTests.framework in Frameworks */,
			);
			runOnlyForDeploymentPostprocessing = 0;
		};
		228E48DC20D90E7900702A0E /* Frameworks */ = {
			isa = PBXFrameworksBuildPhase;
			buildActionMask = 2147483647;
			files = (
				2C1D43617A7A33301D231255 /* Pods_SeeneUITests.framework in Frameworks */,
			);
			runOnlyForDeploymentPostprocessing = 0;
		};
/* End PBXFrameworksBuildPhase section */

/* Begin PBXGroup section */
		228E48B420D90E7800702A0E = {
			isa = PBXGroup;
			children = (
				228E48BF20D90E7800702A0E /* Seene */,
				228E48D720D90E7900702A0E /* SeeneTests */,
				228E48E220D90E7900702A0E /* SeeneUITests */,
				228E48BE20D90E7800702A0E /* Products */,
				950C8149BA502A430F73CE2F /* Pods */,
				808BBC02D980F2FE35D6B754 /* Frameworks */,
			);
			sourceTree = "<group>";
		};
		228E48BE20D90E7800702A0E /* Products */ = {
			isa = PBXGroup;
			children = (
				228E48BD20D90E7800702A0E /* Seene.app */,
				228E48D420D90E7900702A0E /* SeeneTests.xctest */,
				228E48DF20D90E7900702A0E /* SeeneUITests.xctest */,
			);
			name = Products;
			sourceTree = "<group>";
		};
		228E48BF20D90E7800702A0E /* Seene */ = {
			isa = PBXGroup;
			children = (
				228E48F120D90EA000702A0E /* GoogleService-Info.plist */,
				228E48C020D90E7800702A0E /* AppDelegate.swift */,
				228E48C220D90E7800702A0E /* ViewController.swift */,
				228E48C420D90E7800702A0E /* Main.storyboard */,
				228E48CA20D90E7900702A0E /* Assets.xcassets */,
				228E48CC20D90E7900702A0E /* LaunchScreen.storyboard */,
				228E48CF20D90E7900702A0E /* Info.plist */,
				228E48C720D90E7800702A0E /* Seene.xcdatamodeld */,
				228E48F720D9431900702A0E /* DevicesController.swift */,
				228E48F920D9493C00702A0E /* DataController.swift */,
			);
			path = Seene;
			sourceTree = "<group>";
		};
		228E48D720D90E7900702A0E /* SeeneTests */ = {
			isa = PBXGroup;
			children = (
				228E48D820D90E7900702A0E /* SeeneTests.swift */,
				228E48DA20D90E7900702A0E /* Info.plist */,
			);
			path = SeeneTests;
			sourceTree = "<group>";
		};
		228E48E220D90E7900702A0E /* SeeneUITests */ = {
			isa = PBXGroup;
			children = (
				228E48E320D90E7900702A0E /* SeeneUITests.swift */,
				228E48E520D90E7900702A0E /* Info.plist */,
			);
			path = SeeneUITests;
			sourceTree = "<group>";
		};
		808BBC02D980F2FE35D6B754 /* Frameworks */ = {
			isa = PBXGroup;
			children = (
				B3A49851CBC08B14DF255B44 /* Pods_Seene.framework */,
				A537EEADD56321D9B7623922 /* Pods_SeeneTests.framework */,
				B2F61E39A5FB157775F5AEE4 /* Pods_SeeneUITests.framework */,
			);
			name = Frameworks;
			sourceTree = "<group>";
		};
		950C8149BA502A430F73CE2F /* Pods */ = {
			isa = PBXGroup;
			children = (
				34670447C217A6061CF41631 /* Pods-Seene.debug.xcconfig */,
				6589A6CAC3DD093A2920C308 /* Pods-Seene.release.xcconfig */,
				1DEEC72E4D738472EB8DA7DB /* Pods-SeeneTests.debug.xcconfig */,
				A6B7C0461791B59A7A3B272C /* Pods-SeeneTests.release.xcconfig */,
				B75545A1A086E7641FC2BCA4 /* Pods-SeeneUITests.debug.xcconfig */,
				A770FD9E9E1B214FB9A5D4FD /* Pods-SeeneUITests.release.xcconfig */,
			);
			name = Pods;
			sourceTree = "<group>";
		};
/* End PBXGroup section */

/* Begin PBXNativeTarget section */
		228E48BC20D90E7800702A0E /* Seene */ = {
			isa = PBXNativeTarget;
			buildConfigurationList = 228E48E820D90E7900702A0E /* Build configuration list for PBXNativeTarget "Seene" */;
			buildPhases = (
				BE1DA44C12714C6B037126D8 /* [CP] Check Pods Manifest.lock */,
				228E48B920D90E7800702A0E /* Sources */,
				228E48BA20D90E7800702A0E /* Frameworks */,
				228E48BB20D90E7800702A0E /* Resources */,
				B8383538DA9551074EBAD764 /* [CP] Embed Pods Frameworks */,
			);
			buildRules = (
			);
			dependencies = (
			);
			name = Seene;
			productName = Seene;
			productReference = 228E48BD20D90E7800702A0E /* Seene.app */;
			productType = "com.apple.product-type.application";
		};
		228E48D320D90E7900702A0E /* SeeneTests */ = {
			isa = PBXNativeTarget;
			buildConfigurationList = 228E48EB20D90E7900702A0E /* Build configuration list for PBXNativeTarget "SeeneTests" */;
			buildPhases = (
				B33581EB56CE2A82491C9243 /* [CP] Check Pods Manifest.lock */,
				228E48D020D90E7900702A0E /* Sources */,
				228E48D120D90E7900702A0E /* Frameworks */,
				228E48D220D90E7900702A0E /* Resources */,
			);
			buildRules = (
			);
			dependencies = (
				228E48D620D90E7900702A0E /* PBXTargetDependency */,
			);
			name = SeeneTests;
			productName = SeeneTests;
			productReference = 228E48D420D90E7900702A0E /* SeeneTests.xctest */;
			productType = "com.apple.product-type.bundle.unit-test";
		};
		228E48DE20D90E7900702A0E /* SeeneUITests */ = {
			isa = PBXNativeTarget;
			buildConfigurationList = 228E48EE20D90E7900702A0E /* Build configuration list for PBXNativeTarget "SeeneUITests" */;
			buildPhases = (
				B1D7384755B072928E227AC1 /* [CP] Check Pods Manifest.lock */,
				228E48DB20D90E7900702A0E /* Sources */,
				228E48DC20D90E7900702A0E /* Frameworks */,
				228E48DD20D90E7900702A0E /* Resources */,
			);
			buildRules = (
			);
			dependencies = (
				228E48E120D90E7900702A0E /* PBXTargetDependency */,
			);
			name = SeeneUITests;
			productName = SeeneUITests;
			productReference = 228E48DF20D90E7900702A0E /* SeeneUITests.xctest */;
			productType = "com.apple.product-type.bundle.ui-testing";
		};
/* End PBXNativeTarget section */

/* Begin PBXProject section */
		228E48B520D90E7800702A0E /* Project object */ = {
			isa = PBXProject;
			attributes = {
				LastSwiftUpdateCheck = 0940;
				LastUpgradeCheck = 0940;
				ORGANIZATIONNAME = Devhelpment;
				TargetAttributes = {
					228E48BC20D90E7800702A0E = {
						CreatedOnToolsVersion = 9.4.1;
					};
					228E48D320D90E7900702A0E = {
						CreatedOnToolsVersion = 9.4.1;
						TestTargetID = 228E48BC20D90E7800702A0E;
					};
					228E48DE20D90E7900702A0E = {
						CreatedOnToolsVersion = 9.4.1;
						TestTargetID = 228E48BC20D90E7800702A0E;
					};
				};
			};
			buildConfigurationList = 228E48B820D90E7800702A0E /* Build configuration list for PBXProject "Seene" */;
			compatibilityVersion = "Xcode 9.3";
			developmentRegion = en;
			hasScannedForEncodings = 0;
			knownRegions = (
				en,
				Base,
			);
			mainGroup = 228E48B420D90E7800702A0E;
			productRefGroup = 228E48BE20D90E7800702A0E /* Products */;
			projectDirPath = "";
			projectRoot = "";
			targets = (
				228E48BC20D90E7800702A0E /* Seene */,
				228E48D320D90E7900702A0E /* SeeneTests */,
				228E48DE20D90E7900702A0E /* SeeneUITests */,
			);
		};
/* End PBXProject section */

/* Begin PBXResourcesBuildPhase section */
		228E48BB20D90E7800702A0E /* Resources */ = {
			isa = PBXResourcesBuildPhase;
			buildActionMask = 2147483647;
			files = (
				228E48CE20D90E7900702A0E /* LaunchScreen.storyboard in Resources */,
				228E48F220D90EA000702A0E /* GoogleService-Info.plist in Resources */,
				228E48CB20D90E7900702A0E /* Assets.xcassets in Resources */,
				228E48C620D90E7800702A0E /* Main.storyboard in Resources */,
			);
			runOnlyForDeploymentPostprocessing = 0;
		};
		228E48D220D90E7900702A0E /* Resources */ = {
			isa = PBXResourcesBuildPhase;
			buildActionMask = 2147483647;
			files = (
			);
			runOnlyForDeploymentPostprocessing = 0;
		};
		228E48DD20D90E7900702A0E /* Resources */ = {
			isa = PBXResourcesBuildPhase;
			buildActionMask = 2147483647;
			files = (
			);
			runOnlyForDeploymentPostprocessing = 0;
		};
/* End PBXResourcesBuildPhase section */

/* Begin PBXShellScriptBuildPhase section */
		B1D7384755B072928E227AC1 /* [CP] Check Pods Manifest.lock */ = {
			isa = PBXShellScriptBuildPhase;
			buildActionMask = 2147483647;
			files = (
			);
			inputPaths = (
				"${PODS_PODFILE_DIR_PATH}/Podfile.lock",
				"${PODS_ROOT}/Manifest.lock",
			);
			name = "[CP] Check Pods Manifest.lock";
			outputPaths = (
				"$(DERIVED_FILE_DIR)/Pods-SeeneUITests-checkManifestLockResult.txt",
			);
			runOnlyForDeploymentPostprocessing = 0;
			shellPath = /bin/sh;
			shellScript = "diff \"${PODS_PODFILE_DIR_PATH}/Podfile.lock\" \"${PODS_ROOT}/Manifest.lock\" > /dev/null\nif [ $? != 0 ] ; then\n    # print error to STDERR\n    echo \"error: The sandbox is not in sync with the Podfile.lock. Run 'pod install' or update your CocoaPods installation.\" >&2\n    exit 1\nfi\n# This output is used by Xcode 'outputs' to avoid re-running this script phase.\necho \"SUCCESS\" > \"${SCRIPT_OUTPUT_FILE_0}\"\n";
			showEnvVarsInLog = 0;
		};
		B33581EB56CE2A82491C9243 /* [CP] Check Pods Manifest.lock */ = {
			isa = PBXShellScriptBuildPhase;
			buildActionMask = 2147483647;
			files = (
			);
			inputPaths = (
				"${PODS_PODFILE_DIR_PATH}/Podfile.lock",
				"${PODS_ROOT}/Manifest.lock",
			);
			name = "[CP] Check Pods Manifest.lock";
			outputPaths = (
				"$(DERIVED_FILE_DIR)/Pods-SeeneTests-checkManifestLockResult.txt",
			);
			runOnlyForDeploymentPostprocessing = 0;
			shellPath = /bin/sh;
			shellScript = "diff \"${PODS_PODFILE_DIR_PATH}/Podfile.lock\" \"${PODS_ROOT}/Manifest.lock\" > /dev/null\nif [ $? != 0 ] ; then\n    # print error to STDERR\n    echo \"error: The sandbox is not in sync with the Podfile.lock. Run 'pod install' or update your CocoaPods installation.\" >&2\n    exit 1\nfi\n# This output is used by Xcode 'outputs' to avoid re-running this script phase.\necho \"SUCCESS\" > \"${SCRIPT_OUTPUT_FILE_0}\"\n";
			showEnvVarsInLog = 0;
		};
		B8383538DA9551074EBAD764 /* [CP] Embed Pods Frameworks */ = {
			isa = PBXShellScriptBuildPhase;
			buildActionMask = 2147483647;
			files = (
			);
			inputPaths = (
				"${SRCROOT}/Pods/Target Support Files/Pods-Seene/Pods-Seene-frameworks.sh",
				"${BUILT_PRODUCTS_DIR}/GTMSessionFetcher/GTMSessionFetcher.framework",
				"${BUILT_PRODUCTS_DIR}/GoogleToolboxForMac/GoogleToolboxForMac.framework",
			);
			name = "[CP] Embed Pods Frameworks";
			outputPaths = (
				"${TARGET_BUILD_DIR}/${FRAMEWORKS_FOLDER_PATH}/GTMSessionFetcher.framework",
				"${TARGET_BUILD_DIR}/${FRAMEWORKS_FOLDER_PATH}/GoogleToolboxForMac.framework",
			);
			runOnlyForDeploymentPostprocessing = 0;
			shellPath = /bin/sh;
			shellScript = "\"${SRCROOT}/Pods/Target Support Files/Pods-Seene/Pods-Seene-frameworks.sh\"\n";
			showEnvVarsInLog = 0;
		};
		BE1DA44C12714C6B037126D8 /* [CP] Check Pods Manifest.lock */ = {
			isa = PBXShellScriptBuildPhase;
			buildActionMask = 2147483647;
			files = (
			);
			inputPaths = (
				"${PODS_PODFILE_DIR_PATH}/Podfile.lock",
				"${PODS_ROOT}/Manifest.lock",
			);
			name = "[CP] Check Pods Manifest.lock";
			outputPaths = (
				"$(DERIVED_FILE_DIR)/Pods-Seene-checkManifestLockResult.txt",
			);
			runOnlyForDeploymentPostprocessing = 0;
			shellPath = /bin/sh;
			shellScript = "diff \"${PODS_PODFILE_DIR_PATH}/Podfile.lock\" \"${PODS_ROOT}/Manifest.lock\" > /dev/null\nif [ $? != 0 ] ; then\n    # print error to STDERR\n    echo \"error: The sandbox is not in sync with the Podfile.lock. Run 'pod install' or update your CocoaPods installation.\" >&2\n    exit 1\nfi\n# This output is used by Xcode 'outputs' to avoid re-running this script phase.\necho \"SUCCESS\" > \"${SCRIPT_OUTPUT_FILE_0}\"\n";
			showEnvVarsInLog = 0;
		};
/* End PBXShellScriptBuildPhase section */

/* Begin PBXSourcesBuildPhase section */
		228E48B920D90E7800702A0E /* Sources */ = {
			isa = PBXSourcesBuildPhase;
			buildActionMask = 2147483647;
			files = (
				228E48FA20D9493C00702A0E /* DataController.swift in Sources */,
				228E48F820D9431900702A0E /* DevicesController.swift in Sources */,
				228E48C320D90E7800702A0E /* ViewController.swift in Sources */,
				228E48C920D90E7800702A0E /* Seene.xcdatamodeld in Sources */,
				228E48C120D90E7800702A0E /* AppDelegate.swift in Sources */,
			);
			runOnlyForDeploymentPostprocessing = 0;
		};
		228E48D020D90E7900702A0E /* Sources */ = {
			isa = PBXSourcesBuildPhase;
			buildActionMask = 2147483647;
			files = (
				228E48D920D90E7900702A0E /* SeeneTests.swift in Sources */,
			);
			runOnlyForDeploymentPostprocessing = 0;
		};
		228E48DB20D90E7900702A0E /* Sources */ = {
			isa = PBXSourcesBuildPhase;
			buildActionMask = 2147483647;
			files = (
				228E48E420D90E7900702A0E /* SeeneUITests.swift in Sources */,
			);
			runOnlyForDeploymentPostprocessing = 0;
		};
/* End PBXSourcesBuildPhase section */

/* Begin PBXTargetDependency section */
		228E48D620D90E7900702A0E /* PBXTargetDependency */ = {
			isa = PBXTargetDependency;
			target = 228E48BC20D90E7800702A0E /* Seene */;
			targetProxy = 228E48D520D90E7900702A0E /* PBXContainerItemProxy */;
		};
		228E48E120D90E7900702A0E /* PBXTargetDependency */ = {
			isa = PBXTargetDependency;
			target = 228E48BC20D90E7800702A0E /* Seene */;
			targetProxy = 228E48E020D90E7900702A0E /* PBXContainerItemProxy */;
		};
/* End PBXTargetDependency section */

/* Begin PBXVariantGroup section */
		228E48C420D90E7800702A0E /* Main.storyboard */ = {
			isa = PBXVariantGroup;
			children = (
				228E48C520D90E7800702A0E /* Base */,
			);
			name = Main.storyboard;
			sourceTree = "<group>";
		};
		228E48CC20D90E7900702A0E /* LaunchScreen.storyboard */ = {
			isa = PBXVariantGroup;
			children = (
				228E48CD20D90E7900702A0E /* Base */,
			);
			name = LaunchScreen.storyboard;
			sourceTree = "<group>";
		};
/* End PBXVariantGroup section */

/* Begin XCBuildConfiguration section */
		228E48E620D90E7900702A0E /* Debug */ = {
			isa = XCBuildConfiguration;
			buildSettings = {
				ALWAYS_SEARCH_USER_PATHS = NO;
				CLANG_ANALYZER_NONNULL = YES;
				CLANG_ANALYZER_NUMBER_OBJECT_CONVERSION = YES_AGGRESSIVE;
				CLANG_CXX_LANGUAGE_STANDARD = "gnu++14";
				CLANG_CXX_LIBRARY = "libc++";
				CLANG_ENABLE_MODULES = YES;
				CLANG_ENABLE_OBJC_ARC = YES;
				CLANG_ENABLE_OBJC_WEAK = YES;
				CLANG_WARN_BLOCK_CAPTURE_AUTORELEASING = YES;
				CLANG_WARN_BOOL_CONVERSION = YES;
				CLANG_WARN_COMMA = YES;
				CLANG_WARN_CONSTANT_CONVERSION = YES;
				CLANG_WARN_DEPRECATED_OBJC_IMPLEMENTATIONS = YES;
				CLANG_WARN_DIRECT_OBJC_ISA_USAGE = YES_ERROR;
				CLANG_WARN_DOCUMENTATION_COMMENTS = YES;
				CLANG_WARN_EMPTY_BODY = YES;
				CLANG_WARN_ENUM_CONVERSION = YES;
				CLANG_WARN_INFINITE_RECURSION = YES;
				CLANG_WARN_INT_CONVERSION = YES;
				CLANG_WARN_NON_LITERAL_NULL_CONVERSION = YES;
				CLANG_WARN_OBJC_IMPLICIT_RETAIN_SELF = YES;
				CLANG_WARN_OBJC_LITERAL_CONVERSION = YES;
				CLANG_WARN_OBJC_ROOT_CLASS = YES_ERROR;
				CLANG_WARN_RANGE_LOOP_ANALYSIS = YES;
				CLANG_WARN_STRICT_PROTOTYPES = YES;
				CLANG_WARN_SUSPICIOUS_MOVE = YES;
				CLANG_WARN_UNGUARDED_AVAILABILITY = YES_AGGRESSIVE;
				CLANG_WARN_UNREACHABLE_CODE = YES;
				CLANG_WARN__DUPLICATE_METHOD_MATCH = YES;
				CODE_SIGN_IDENTITY = "iPhone Developer";
				COPY_PHASE_STRIP = NO;
				DEBUG_INFORMATION_FORMAT = dwarf;
				ENABLE_STRICT_OBJC_MSGSEND = YES;
				ENABLE_TESTABILITY = YES;
				GCC_C_LANGUAGE_STANDARD = gnu11;
				GCC_DYNAMIC_NO_PIC = NO;
				GCC_NO_COMMON_BLOCKS = YES;
				GCC_OPTIMIZATION_LEVEL = 0;
				GCC_PREPROCESSOR_DEFINITIONS = (
					"DEBUG=1",
					"$(inherited)",
				);
				GCC_WARN_64_TO_32_BIT_CONVERSION = YES;
				GCC_WARN_ABOUT_RETURN_TYPE = YES_ERROR;
				GCC_WARN_UNDECLARED_SELECTOR = YES;
				GCC_WARN_UNINITIALIZED_AUTOS = YES_AGGRESSIVE;
				GCC_WARN_UNUSED_FUNCTION = YES;
				GCC_WARN_UNUSED_VARIABLE = YES;
				IPHONEOS_DEPLOYMENT_TARGET = 11.4;
				MTL_ENABLE_DEBUG_INFO = YES;
				ONLY_ACTIVE_ARCH = YES;
				SDKROOT = iphoneos;
				SWIFT_ACTIVE_COMPILATION_CONDITIONS = DEBUG;
				SWIFT_OPTIMIZATION_LEVEL = "-Onone";
			};
			name = Debug;
		};
		228E48E720D90E7900702A0E /* Release */ = {
			isa = XCBuildConfiguration;
			buildSettings = {
				ALWAYS_SEARCH_USER_PATHS = NO;
				CLANG_ANALYZER_NONNULL = YES;
				CLANG_ANALYZER_NUMBER_OBJECT_CONVERSION = YES_AGGRESSIVE;
				CLANG_CXX_LANGUAGE_STANDARD = "gnu++14";
				CLANG_CXX_LIBRARY = "libc++";
				CLANG_ENABLE_MODULES = YES;
				CLANG_ENABLE_OBJC_ARC = YES;
				CLANG_ENABLE_OBJC_WEAK = YES;
				CLANG_WARN_BLOCK_CAPTURE_AUTORELEASING = YES;
				CLANG_WARN_BOOL_CONVERSION = YES;
				CLANG_WARN_COMMA = YES;
				CLANG_WARN_CONSTANT_CONVERSION = YES;
				CLANG_WARN_DEPRECATED_OBJC_IMPLEMENTATIONS = YES;
				CLANG_WARN_DIRECT_OBJC_ISA_USAGE = YES_ERROR;
				CLANG_WARN_DOCUMENTATION_COMMENTS = YES;
				CLANG_WARN_EMPTY_BODY = YES;
				CLANG_WARN_ENUM_CONVERSION = YES;
				CLANG_WARN_INFINITE_RECURSION = YES;
				CLANG_WARN_INT_CONVERSION = YES;
				CLANG_WARN_NON_LITERAL_NULL_CONVERSION = YES;
				CLANG_WARN_OBJC_IMPLICIT_RETAIN_SELF = YES;
				CLANG_WARN_OBJC_LITERAL_CONVERSION = YES;
				CLANG_WARN_OBJC_ROOT_CLASS = YES_ERROR;
				CLANG_WARN_RANGE_LOOP_ANALYSIS = YES;
				CLANG_WARN_STRICT_PROTOTYPES = YES;
				CLANG_WARN_SUSPICIOUS_MOVE = YES;
				CLANG_WARN_UNGUARDED_AVAILABILITY = YES_AGGRESSIVE;
				CLANG_WARN_UNREACHABLE_CODE = YES;
				CLANG_WARN__DUPLICATE_METHOD_MATCH = YES;
				CODE_SIGN_IDENTITY = "iPhone Developer";
				COPY_PHASE_STRIP = NO;
				DEBUG_INFORMATION_FORMAT = "dwarf-with-dsym";
				ENABLE_NS_ASSERTIONS = NO;
				ENABLE_STRICT_OBJC_MSGSEND = YES;
				GCC_C_LANGUAGE_STANDARD = gnu11;
				GCC_NO_COMMON_BLOCKS = YES;
				GCC_WARN_64_TO_32_BIT_CONVERSION = YES;
				GCC_WARN_ABOUT_RETURN_TYPE = YES_ERROR;
				GCC_WARN_UNDECLARED_SELECTOR = YES;
				GCC_WARN_UNINITIALIZED_AUTOS = YES_AGGRESSIVE;
				GCC_WARN_UNUSED_FUNCTION = YES;
				GCC_WARN_UNUSED_VARIABLE = YES;
				IPHONEOS_DEPLOYMENT_TARGET = 11.4;
				MTL_ENABLE_DEBUG_INFO = NO;
				SDKROOT = iphoneos;
				SWIFT_COMPILATION_MODE = wholemodule;
				SWIFT_OPTIMIZATION_LEVEL = "-O";
				VALIDATE_PRODUCT = YES;
			};
			name = Release;
		};
		228E48E920D90E7900702A0E /* Debug */ = {
			isa = XCBuildConfiguration;
			baseConfigurationReference = 34670447C217A6061CF41631 /* Pods-Seene.debug.xcconfig */;
			buildSettings = {
				ASSETCATALOG_COMPILER_APPICON_NAME = AppIcon;
				CODE_SIGN_STYLE = Automatic;
				DEVELOPMENT_TEAM = 46LS67ZCK5;
				INFOPLIST_FILE = Seene/Info.plist;
				LD_RUNPATH_SEARCH_PATHS = (
					"$(inherited)",
					"@executable_path/Frameworks",
				);
				PRODUCT_BUNDLE_IDENTIFIER = com.devhelpment.Seene;
				PRODUCT_NAME = "$(TARGET_NAME)";
				SWIFT_VERSION = 4.0;
				TARGETED_DEVICE_FAMILY = "1,2";
			};
			name = Debug;
		};
		228E48EA20D90E7900702A0E /* Release */ = {
			isa = XCBuildConfiguration;
			baseConfigurationReference = 6589A6CAC3DD093A2920C308 /* Pods-Seene.release.xcconfig */;
			buildSettings = {
				ASSETCATALOG_COMPILER_APPICON_NAME = AppIcon;
				CODE_SIGN_STYLE = Automatic;
				DEVELOPMENT_TEAM = 46LS67ZCK5;
				INFOPLIST_FILE = Seene/Info.plist;
				LD_RUNPATH_SEARCH_PATHS = (
					"$(inherited)",
					"@executable_path/Frameworks",
				);
				PRODUCT_BUNDLE_IDENTIFIER = com.devhelpment.Seene;
				PRODUCT_NAME = "$(TARGET_NAME)";
				SWIFT_VERSION = 4.0;
				TARGETED_DEVICE_FAMILY = "1,2";
			};
			name = Release;
		};
		228E48EC20D90E7900702A0E /* Debug */ = {
			isa = XCBuildConfiguration;
			baseConfigurationReference = 1DEEC72E4D738472EB8DA7DB /* Pods-SeeneTests.debug.xcconfig */;
			buildSettings = {
				ALWAYS_EMBED_SWIFT_STANDARD_LIBRARIES = YES;
				BUNDLE_LOADER = "$(TEST_HOST)";
				CODE_SIGN_STYLE = Automatic;
				DEVELOPMENT_TEAM = 46LS67ZCK5;
				INFOPLIST_FILE = SeeneTests/Info.plist;
				LD_RUNPATH_SEARCH_PATHS = (
					"$(inherited)",
					"@executable_path/Frameworks",
					"@loader_path/Frameworks",
				);
				PRODUCT_BUNDLE_IDENTIFIER = com.devhelpment.SeeneTests;
				PRODUCT_NAME = "$(TARGET_NAME)";
				SWIFT_VERSION = 4.0;
				TARGETED_DEVICE_FAMILY = "1,2";
				TEST_HOST = "$(BUILT_PRODUCTS_DIR)/Seene.app/Seene";
			};
			name = Debug;
		};
		228E48ED20D90E7900702A0E /* Release */ = {
			isa = XCBuildConfiguration;
			baseConfigurationReference = A6B7C0461791B59A7A3B272C /* Pods-SeeneTests.release.xcconfig */;
			buildSettings = {
				ALWAYS_EMBED_SWIFT_STANDARD_LIBRARIES = YES;
				BUNDLE_LOADER = "$(TEST_HOST)";
				CODE_SIGN_STYLE = Automatic;
				DEVELOPMENT_TEAM = 46LS67ZCK5;
				INFOPLIST_FILE = SeeneTests/Info.plist;
				LD_RUNPATH_SEARCH_PATHS = (
					"$(inherited)",
					"@executable_path/Frameworks",
					"@loader_path/Frameworks",
				);
				PRODUCT_BUNDLE_IDENTIFIER = com.devhelpment.SeeneTests;
				PRODUCT_NAME = "$(TARGET_NAME)";
				SWIFT_VERSION = 4.0;
				TARGETED_DEVICE_FAMILY = "1,2";
				TEST_HOST = "$(BUILT_PRODUCTS_DIR)/Seene.app/Seene";
			};
			name = Release;
		};
		228E48EF20D90E7900702A0E /* Debug */ = {
			isa = XCBuildConfiguration;
			baseConfigurationReference = B75545A1A086E7641FC2BCA4 /* Pods-SeeneUITests.debug.xcconfig */;
			buildSettings = {
				ALWAYS_EMBED_SWIFT_STANDARD_LIBRARIES = YES;
				CODE_SIGN_STYLE = Automatic;
				DEVELOPMENT_TEAM = 46LS67ZCK5;
				INFOPLIST_FILE = SeeneUITests/Info.plist;
				LD_RUNPATH_SEARCH_PATHS = (
					"$(inherited)",
					"@executable_path/Frameworks",
					"@loader_path/Frameworks",
				);
				PRODUCT_BUNDLE_IDENTIFIER = com.devhelpment.SeeneUITests;
				PRODUCT_NAME = "$(TARGET_NAME)";
				SWIFT_VERSION = 4.0;
				TARGETED_DEVICE_FAMILY = "1,2";
				TEST_TARGET_NAME = Seene;
			};
			name = Debug;
		};
		228E48F020D90E7900702A0E /* Release */ = {
			isa = XCBuildConfiguration;
			baseConfigurationReference = A770FD9E9E1B214FB9A5D4FD /* Pods-SeeneUITests.release.xcconfig */;
			buildSettings = {
				ALWAYS_EMBED_SWIFT_STANDARD_LIBRARIES = YES;
				CODE_SIGN_STYLE = Automatic;
				DEVELOPMENT_TEAM = 46LS67ZCK5;
				INFOPLIST_FILE = SeeneUITests/Info.plist;
				LD_RUNPATH_SEARCH_PATHS = (
					"$(inherited)",
					"@executable_path/Frameworks",
					"@loader_path/Frameworks",
				);
				PRODUCT_BUNDLE_IDENTIFIER = com.devhelpment.SeeneUITests;
				PRODUCT_NAME = "$(TARGET_NAME)";
				SWIFT_VERSION = 4.0;
				TARGETED_DEVICE_FAMILY = "1,2";
				TEST_TARGET_NAME = Seene;
			};
			name = Release;
		};
/* End XCBuildConfiguration section */

/* Begin XCConfigurationList section */
		228E48B820D90E7800702A0E /* Build configuration list for PBXProject "Seene" */ = {
			isa = XCConfigurationList;
			buildConfigurations = (
				228E48E620D90E7900702A0E /* Debug */,
				228E48E720D90E7900702A0E /* Release */,
			);
			defaultConfigurationIsVisible = 0;
			defaultConfigurationName = Release;
		};
		228E48E820D90E7900702A0E /* Build configuration list for PBXNativeTarget "Seene" */ = {
			isa = XCConfigurationList;
			buildConfigurations = (
				228E48E920D90E7900702A0E /* Debug */,
				228E48EA20D90E7900702A0E /* Release */,
			);
			defaultConfigurationIsVisible = 0;
			defaultConfigurationName = Release;
		};
		228E48EB20D90E7900702A0E /* Build configuration list for PBXNativeTarget "SeeneTests" */ = {
			isa = XCConfigurationList;
			buildConfigurations = (
				228E48EC20D90E7900702A0E /* Debug */,
				228E48ED20D90E7900702A0E /* Release */,
			);
			defaultConfigurationIsVisible = 0;
			defaultConfigurationName = Release;
		};
		228E48EE20D90E7900702A0E /* Build configuration list for PBXNativeTarget "SeeneUITests" */ = {
			isa = XCConfigurationList;
			buildConfigurations = (
				228E48EF20D90E7900702A0E /* Debug */,
				228E48F020D90E7900702A0E /* Release */,
			);
			defaultConfigurationIsVisible = 0;
			defaultConfigurationName = Release;
		};
/* End XCConfigurationList section */

/* Begin XCVersionGroup section */
		228E48C720D90E7800702A0E /* Seene.xcdatamodeld */ = {
			isa = XCVersionGroup;
			children = (
				228E48C820D90E7800702A0E /* Seene.xcdatamodel */,
			);
			currentVersion = 228E48C820D90E7800702A0E /* Seene.xcdatamodel */;
			path = Seene.xcdatamodeld;
			sourceTree = "<group>";
			versionGroupType = wrapper.xcdatamodel;
		};
/* End XCVersionGroup section */
	};
	rootObject = 228E48B520D90E7800702A0E /* Project object */;
}
